
Microsoft Visual Studio Solution File, Format Version 12.00
# Visual Studio Version 17
VisualStudioVersion = 17.1.32414.318
MinimumVisualStudioVersion = 10.0.40219.1
Project("{FAE04EC0-301F-11D3-BF4B-00C04F79EFBC}") = "Tables", "Tables\Tables.csproj", "{211AE3B7-CC61-4B94-BE9F-C2B779149BB1}"
EndProject
Project("{FAE04EC0-301F-11D3-BF4B-00C04F79EFBC}") = "Configurations", "Configurations\Configurations.csproj", "{F516CFE0-FED6-4B9C-9F69-FC801AF2D1BE}"
EndProject
Project("{FAE04EC0-301F-11D3-BF4B-00C04F79EFBC}") = "Models", "Models\Models.csproj", "{3C76C93B-E196-4105-BC39-AB5F4253DC70}"
EndProject
Project("{FAE04EC0-301F-11D3-BF4B-00C04F79EFBC}") = "Data", "Data\Data.csproj", "{741E06B1-4334-4208-A049-62791FA65DF1}"
EndProject
Project("{FAE04EC0-301F-11D3-BF4B-00C04F79EFBC}") = "Services", "Services\Services.csproj", "{F69A7823-71EB-422E-A16C-B6AC2C63A8E4}"
EndProject
Global
	GlobalSection(SolutionConfigurationPlatforms) = preSolution
		Debug|Any CPU = Debug|Any CPU
		Release|Any CPU = Release|Any CPU
	EndGlobalSection
	GlobalSection(ProjectConfigurationPlatforms) = postSolution
		{211AE3B7-CC61-4B94-BE9F-C2B779149BB1}.Debug|Any CPU.ActiveCfg = Debug|Any CPU
		{211AE3B7-CC61-4B94-BE9F-C2B779149BB1}.Debug|Any CPU.Build.0 = Debug|Any CPU
		{211AE3B7-CC61-4B94-BE9F-C2B779149BB1}.Release|Any CPU.ActiveCfg = Release|Any CPU
		{211AE3B7-CC61-4B94-BE9F-C2B779149BB1}.Release|Any CPU.Build.0 = Release|Any CPU
		{F516CFE0-FED6-4B9C-9F69-FC801AF2D1BE}.Debug|Any CPU.ActiveCfg = Debug|Any CPU
		{F516CFE0-FED6-4B9C-9F69-FC801AF2D1BE}.Debug|Any CPU.Build.0 = Debug|Any CPU
		{F516CFE0-FED6-4B9C-9F69-FC801AF2D1BE}.Release|Any CPU.ActiveCfg = Release|Any CPU
		{F516CFE0-FED6-4B9C-9F69-FC801AF2D1BE}.Release|Any CPU.Build.0 = Release|Any CPU
		{3C76C93B-E196-4105-BC39-AB5F4253DC70}.Debug|Any CPU.ActiveCfg = Debug|Any CPU
		{3C76C93B-E196-4105-BC39-AB5F4253DC70}.Debug|Any CPU.Build.0 = Debug|Any CPU
		{3C76C93B-E196-4105-BC39-AB5F4253DC70}.Release|Any CPU.ActiveCfg = Release|Any CPU
		{3C76C93B-E196-4105-BC39-AB5F4253DC70}.Release|Any CPU.Build.0 = Release|Any CPU
		{741E06B1-4334-4208-A049-62791FA65DF1}.Debug|Any CPU.ActiveCfg = Debug|Any CPU
		{741E06B1-4334-4208-A049-62791FA65DF1}.Debug|Any CPU.Build.0 = Debug|Any CPU
		{741E06B1-4334-4208-A049-62791FA65DF1}.Release|Any CPU.ActiveCfg = Release|Any CPU
		{741E06B1-4334-4208-A049-62791FA65DF1}.Release|Any CPU.Build.0 = Release|Any CPU
		{F69A7823-71EB-422E-A16C-B6AC2C63A8E4}.Debug|Any CPU.ActiveCfg = Debug|Any CPU
		{F69A7823-71EB-422E-A16C-B6AC2C63A8E4}.Debug|Any CPU.Build.0 = Debug|Any CPU
		{F69A7823-71EB-422E-A16C-B6AC2C63A8E4}.Release|Any CPU.ActiveCfg = Release|Any CPU
		{F69A7823-71EB-422E-A16C-B6AC2C63A8E4}.Release|Any CPU.Build.0 = Release|Any CPU
	EndGlobalSection
	GlobalSection(SolutionProperties) = preSolution
		HideSolutionNode = FALSE
	EndGlobalSection
	GlobalSection(ExtensibilityGlobals) = postSolution
		SolutionGuid = {D2FD98CD-4AEC-4FB2-AA41-76B7F760067E}
	EndGlobalSection
EndGlobal
