
Microsoft Visual Studio Solution File, Format Version 12.00
# Visual Studio Version 17
VisualStudioVersion = 17.1.32319.34
MinimumVisualStudioVersion = 10.0.40219.1
Project("{FAE04EC0-301F-11D3-BF4B-00C04F79EFBC}") = "BonAppetitApp", "BonAppetitApp.csproj", "{78ECF7AF-9FF8-4A2F-A077-FC4BFA276CC0}"
EndProject
Project("{FAE04EC0-301F-11D3-BF4B-00C04F79EFBC}") = "Configurations", "..\Configurations\Configurations.csproj", "{8DC16B64-32E4-459A-845D-1839FBE3A53A}"
EndProject
Global
	GlobalSection(SolutionConfigurationPlatforms) = preSolution
		Debug|Any CPU = Debug|Any CPU
		Release|Any CPU = Release|Any CPU
	EndGlobalSection
	GlobalSection(ProjectConfigurationPlatforms) = postSolution
		{78ECF7AF-9FF8-4A2F-A077-FC4BFA276CC0}.Debug|Any CPU.ActiveCfg = Debug|Any CPU
		{78ECF7AF-9FF8-4A2F-A077-FC4BFA276CC0}.Debug|Any CPU.Build.0 = Debug|Any CPU
		{78ECF7AF-9FF8-4A2F-A077-FC4BFA276CC0}.Release|Any CPU.ActiveCfg = Release|Any CPU
		{78ECF7AF-9FF8-4A2F-A077-FC4BFA276CC0}.Release|Any CPU.Build.0 = Release|Any CPU
		{8DC16B64-32E4-459A-845D-1839FBE3A53A}.Debug|Any CPU.ActiveCfg = Debug|Any CPU
		{8DC16B64-32E4-459A-845D-1839FBE3A53A}.Debug|Any CPU.Build.0 = Debug|Any CPU
		{8DC16B64-32E4-459A-845D-1839FBE3A53A}.Release|Any CPU.ActiveCfg = Release|Any CPU
		{8DC16B64-32E4-459A-845D-1839FBE3A53A}.Release|Any CPU.Build.0 = Release|Any CPU
	EndGlobalSection
	GlobalSection(SolutionProperties) = preSolution
		HideSolutionNode = FALSE
	EndGlobalSection
	GlobalSection(ExtensibilityGlobals) = postSolution
		SolutionGuid = {79488571-D656-4F78-BB23-D3B1EC022327}
	EndGlobalSection
EndGlobal
