
Microsoft Visual Studio Solution File, Format Version 12.00
# Visual Studio Version 17
VisualStudioVersion = 17.1.32319.34
MinimumVisualStudioVersion = 10.0.40219.1
Project("{9A19103F-16F7-4668-BE54-9A1E7A4F7556}") = "BonAppetitWebApp", "BonAppetitWebApp\BonAppetitWebApp.csproj", "{0E26785C-26DA-4D2C-BA8D-D0D9A3DED3C8}"
EndProject
Project("{FAE04EC0-301F-11D3-BF4B-00C04F79EFBC}") = "Configurations", "Configurations\Configurations.csproj", "{2CD21C3A-4C02-4D42-B488-C5D32F8E2AF4}"
EndProject
Global
	GlobalSection(SolutionConfigurationPlatforms) = preSolution
		Debug|Any CPU = Debug|Any CPU
		Release|Any CPU = Release|Any CPU
	EndGlobalSection
	GlobalSection(ProjectConfigurationPlatforms) = postSolution
		{0E26785C-26DA-4D2C-BA8D-D0D9A3DED3C8}.Debug|Any CPU.ActiveCfg = Debug|Any CPU
		{0E26785C-26DA-4D2C-BA8D-D0D9A3DED3C8}.Debug|Any CPU.Build.0 = Debug|Any CPU
		{0E26785C-26DA-4D2C-BA8D-D0D9A3DED3C8}.Release|Any CPU.ActiveCfg = Release|Any CPU
		{0E26785C-26DA-4D2C-BA8D-D0D9A3DED3C8}.Release|Any CPU.Build.0 = Release|Any CPU
		{2CD21C3A-4C02-4D42-B488-C5D32F8E2AF4}.Debug|Any CPU.ActiveCfg = Debug|Any CPU
		{2CD21C3A-4C02-4D42-B488-C5D32F8E2AF4}.Debug|Any CPU.Build.0 = Debug|Any CPU
		{2CD21C3A-4C02-4D42-B488-C5D32F8E2AF4}.Release|Any CPU.ActiveCfg = Release|Any CPU
		{2CD21C3A-4C02-4D42-B488-C5D32F8E2AF4}.Release|Any CPU.Build.0 = Release|Any CPU
	EndGlobalSection
	GlobalSection(SolutionProperties) = preSolution
		HideSolutionNode = FALSE
	EndGlobalSection
	GlobalSection(ExtensibilityGlobals) = postSolution
		SolutionGuid = {79488571-D656-4F78-BB23-D3B1EC022327}
	EndGlobalSection
EndGlobal
