
Microsoft Visual Studio Solution File, Format Version 12.00
# Visual Studio Version 17
VisualStudioVersion = 17.1.32319.34
MinimumVisualStudioVersion = 10.0.40219.1
Project("{FAE04EC0-301F-11D3-BF4B-00C04F79EFBC}") = "BonAppetitRestaurantManagerApp", "BonAppetitRestaurantManagerApp\BonAppetitRestaurantManagerApp.csproj", "{7707C44C-D13B-44D2-B94F-3844EA02AB16}"
EndProject
Project("{FAE04EC0-301F-11D3-BF4B-00C04F79EFBC}") = "Configurations", "Configurations\Configurations.csproj", "{2D0B51F5-0DD0-47B1-B855-7DCC806D3630}"
EndProject
Project("{FAE04EC0-301F-11D3-BF4B-00C04F79EFBC}") = "Models", "Models\Models.csproj", "{3532247A-C220-4D1C-9BEC-56884C3034DD}"
EndProject
Project("{FAE04EC0-301F-11D3-BF4B-00C04F79EFBC}") = "Services", "Services\Services.csproj", "{9D40C53F-0644-48B9-8342-7F53C5A7C3EA}"
EndProject
Project("{FAE04EC0-301F-11D3-BF4B-00C04F79EFBC}") = "StaticData", "StaticData\StaticData.csproj", "{0578AE1B-21E0-4E61-8AC0-FE1068D5D547}"
EndProject
Global
	GlobalSection(SolutionConfigurationPlatforms) = preSolution
		Debug|Any CPU = Debug|Any CPU
		Release|Any CPU = Release|Any CPU
	EndGlobalSection
	GlobalSection(ProjectConfigurationPlatforms) = postSolution
		{7707C44C-D13B-44D2-B94F-3844EA02AB16}.Debug|Any CPU.ActiveCfg = Debug|Any CPU
		{7707C44C-D13B-44D2-B94F-3844EA02AB16}.Debug|Any CPU.Build.0 = Debug|Any CPU
		{7707C44C-D13B-44D2-B94F-3844EA02AB16}.Release|Any CPU.ActiveCfg = Release|Any CPU
		{7707C44C-D13B-44D2-B94F-3844EA02AB16}.Release|Any CPU.Build.0 = Release|Any CPU
		{2D0B51F5-0DD0-47B1-B855-7DCC806D3630}.Debug|Any CPU.ActiveCfg = Debug|Any CPU
		{2D0B51F5-0DD0-47B1-B855-7DCC806D3630}.Debug|Any CPU.Build.0 = Debug|Any CPU
		{2D0B51F5-0DD0-47B1-B855-7DCC806D3630}.Release|Any CPU.ActiveCfg = Release|Any CPU
		{2D0B51F5-0DD0-47B1-B855-7DCC806D3630}.Release|Any CPU.Build.0 = Release|Any CPU
		{3532247A-C220-4D1C-9BEC-56884C3034DD}.Debug|Any CPU.ActiveCfg = Debug|Any CPU
		{3532247A-C220-4D1C-9BEC-56884C3034DD}.Debug|Any CPU.Build.0 = Debug|Any CPU
		{3532247A-C220-4D1C-9BEC-56884C3034DD}.Release|Any CPU.ActiveCfg = Release|Any CPU
		{3532247A-C220-4D1C-9BEC-56884C3034DD}.Release|Any CPU.Build.0 = Release|Any CPU
		{9D40C53F-0644-48B9-8342-7F53C5A7C3EA}.Debug|Any CPU.ActiveCfg = Debug|Any CPU
		{9D40C53F-0644-48B9-8342-7F53C5A7C3EA}.Debug|Any CPU.Build.0 = Debug|Any CPU
		{9D40C53F-0644-48B9-8342-7F53C5A7C3EA}.Release|Any CPU.ActiveCfg = Release|Any CPU
		{9D40C53F-0644-48B9-8342-7F53C5A7C3EA}.Release|Any CPU.Build.0 = Release|Any CPU
		{0578AE1B-21E0-4E61-8AC0-FE1068D5D547}.Debug|Any CPU.ActiveCfg = Debug|Any CPU
		{0578AE1B-21E0-4E61-8AC0-FE1068D5D547}.Debug|Any CPU.Build.0 = Debug|Any CPU
		{0578AE1B-21E0-4E61-8AC0-FE1068D5D547}.Release|Any CPU.ActiveCfg = Release|Any CPU
		{0578AE1B-21E0-4E61-8AC0-FE1068D5D547}.Release|Any CPU.Build.0 = Release|Any CPU
	EndGlobalSection
	GlobalSection(SolutionProperties) = preSolution
		HideSolutionNode = FALSE
	EndGlobalSection
	GlobalSection(ExtensibilityGlobals) = postSolution
		SolutionGuid = {8FAA778D-ACE3-4DE0-8767-C90B2059496D}
	EndGlobalSection
EndGlobal
