
Microsoft Visual Studio Solution File, Format Version 12.00
# Visual Studio Version 17
VisualStudioVersion = 17.1.32319.34
MinimumVisualStudioVersion = 10.0.40219.1
Project("{FAE04EC0-301F-11D3-BF4B-00C04F79EFBC}") = "PaymentService", "PaymentService\PaymentService.csproj", "{27C3DE8E-6327-46D5-AE2D-F4C9D9082FBF}"
EndProject
Project("{FAE04EC0-301F-11D3-BF4B-00C04F79EFBC}") = "Models", "Models\Models.csproj", "{1C374B14-0A04-4EEA-BD92-85E4B38FDE81}"
EndProject
Project("{FAE04EC0-301F-11D3-BF4B-00C04F79EFBC}") = "Data", "Data\Data.csproj", "{BA17CD29-A5DE-468D-8B35-CCA6E6855783}"
EndProject
Project("{FAE04EC0-301F-11D3-BF4B-00C04F79EFBC}") = "Configurations", "Configurations\Configurations.csproj", "{74024A17-7D6E-46AA-8202-3096400BCFFE}"
EndProject
Project("{FAE04EC0-301F-11D3-BF4B-00C04F79EFBC}") = "Services", "Services\Services.csproj", "{35D83D0A-1BFC-44D4-8338-624FF38AC524}"
EndProject
Project("{FAE04EC0-301F-11D3-BF4B-00C04F79EFBC}") = "StaticData", "StaticData\StaticData.csproj", "{F7974988-8EDC-4FAB-9CEF-7FA0F961D8AC}"
EndProject
Global
	GlobalSection(SolutionConfigurationPlatforms) = preSolution
		Debug|Any CPU = Debug|Any CPU
		Release|Any CPU = Release|Any CPU
	EndGlobalSection
	GlobalSection(ProjectConfigurationPlatforms) = postSolution
		{27C3DE8E-6327-46D5-AE2D-F4C9D9082FBF}.Debug|Any CPU.ActiveCfg = Debug|Any CPU
		{27C3DE8E-6327-46D5-AE2D-F4C9D9082FBF}.Debug|Any CPU.Build.0 = Debug|Any CPU
		{27C3DE8E-6327-46D5-AE2D-F4C9D9082FBF}.Release|Any CPU.ActiveCfg = Release|Any CPU
		{27C3DE8E-6327-46D5-AE2D-F4C9D9082FBF}.Release|Any CPU.Build.0 = Release|Any CPU
		{1C374B14-0A04-4EEA-BD92-85E4B38FDE81}.Debug|Any CPU.ActiveCfg = Debug|Any CPU
		{1C374B14-0A04-4EEA-BD92-85E4B38FDE81}.Debug|Any CPU.Build.0 = Debug|Any CPU
		{1C374B14-0A04-4EEA-BD92-85E4B38FDE81}.Release|Any CPU.ActiveCfg = Release|Any CPU
		{1C374B14-0A04-4EEA-BD92-85E4B38FDE81}.Release|Any CPU.Build.0 = Release|Any CPU
		{BA17CD29-A5DE-468D-8B35-CCA6E6855783}.Debug|Any CPU.ActiveCfg = Debug|Any CPU
		{BA17CD29-A5DE-468D-8B35-CCA6E6855783}.Debug|Any CPU.Build.0 = Debug|Any CPU
		{BA17CD29-A5DE-468D-8B35-CCA6E6855783}.Release|Any CPU.ActiveCfg = Release|Any CPU
		{BA17CD29-A5DE-468D-8B35-CCA6E6855783}.Release|Any CPU.Build.0 = Release|Any CPU
		{74024A17-7D6E-46AA-8202-3096400BCFFE}.Debug|Any CPU.ActiveCfg = Debug|Any CPU
		{74024A17-7D6E-46AA-8202-3096400BCFFE}.Debug|Any CPU.Build.0 = Debug|Any CPU
		{74024A17-7D6E-46AA-8202-3096400BCFFE}.Release|Any CPU.ActiveCfg = Release|Any CPU
		{74024A17-7D6E-46AA-8202-3096400BCFFE}.Release|Any CPU.Build.0 = Release|Any CPU
		{35D83D0A-1BFC-44D4-8338-624FF38AC524}.Debug|Any CPU.ActiveCfg = Debug|Any CPU
		{35D83D0A-1BFC-44D4-8338-624FF38AC524}.Debug|Any CPU.Build.0 = Debug|Any CPU
		{35D83D0A-1BFC-44D4-8338-624FF38AC524}.Release|Any CPU.ActiveCfg = Release|Any CPU
		{35D83D0A-1BFC-44D4-8338-624FF38AC524}.Release|Any CPU.Build.0 = Release|Any CPU
		{F7974988-8EDC-4FAB-9CEF-7FA0F961D8AC}.Debug|Any CPU.ActiveCfg = Debug|Any CPU
		{F7974988-8EDC-4FAB-9CEF-7FA0F961D8AC}.Debug|Any CPU.Build.0 = Debug|Any CPU
		{F7974988-8EDC-4FAB-9CEF-7FA0F961D8AC}.Release|Any CPU.ActiveCfg = Release|Any CPU
		{F7974988-8EDC-4FAB-9CEF-7FA0F961D8AC}.Release|Any CPU.Build.0 = Release|Any CPU
	EndGlobalSection
	GlobalSection(SolutionProperties) = preSolution
		HideSolutionNode = FALSE
	EndGlobalSection
	GlobalSection(ExtensibilityGlobals) = postSolution
		SolutionGuid = {6EB3D720-9E20-436B-9F06-F0F38531DC1E}
	EndGlobalSection
EndGlobal
