
Microsoft Visual Studio Solution File, Format Version 12.00
# Visual Studio Version 17
VisualStudioVersion = 17.1.32210.238
MinimumVisualStudioVersion = 10.0.40219.1
Project("{9A19103F-16F7-4668-BE54-9A1E7A4F7556}") = "RestaurantApi", "RestaurantApi\RestaurantApi.csproj", "{00A4BD54-5ECA-4651-91AC-2EC28AF1C436}"
EndProject
Project("{9A19103F-16F7-4668-BE54-9A1E7A4F7556}") = "Configurations", "Configurations\Configurations.csproj", "{5959661F-1621-48B3-963E-9D3759EACDA1}"
EndProject
Project("{9A19103F-16F7-4668-BE54-9A1E7A4F7556}") = "Models", "Models\Models.csproj", "{92CFDCEA-190E-4757-B3D9-D3101140DAAA}"
EndProject
Project("{9A19103F-16F7-4668-BE54-9A1E7A4F7556}") = "Services", "Services\Services.csproj", "{DFF83782-64E7-4A31-8C54-9C4CDC0B631E}"
EndProject
Project("{9A19103F-16F7-4668-BE54-9A1E7A4F7556}") = "Data", "Data\Data.csproj", "{F73FA168-0A46-457C-B89C-2575736F55CA}"
EndProject
Project("{9A19103F-16F7-4668-BE54-9A1E7A4F7556}") = "StaticData", "StaticData\StaticData.csproj", "{402EEAE6-8E4A-4C8F-A1D4-B02D8751BE32}"
EndProject
Project("{9A19103F-16F7-4668-BE54-9A1E7A4F7556}") = "ApiControllersTest", "ApiControllersTest\ApiControllersTest.csproj", "{F05ED468-3838-4EC1-8A3B-45E946024BF3}"
EndProject
Project("{2150E333-8FDC-42A3-9474-1A3956D46DE8}") = "Tests", "Tests", "{0191B211-CBE0-4B20-883A-64484FE83173}"
EndProject
Global
	GlobalSection(SolutionConfigurationPlatforms) = preSolution
		Debug|Any CPU = Debug|Any CPU
		Release|Any CPU = Release|Any CPU
	EndGlobalSection
	GlobalSection(ProjectConfigurationPlatforms) = postSolution
		{00A4BD54-5ECA-4651-91AC-2EC28AF1C436}.Debug|Any CPU.ActiveCfg = Debug|Any CPU
		{00A4BD54-5ECA-4651-91AC-2EC28AF1C436}.Debug|Any CPU.Build.0 = Debug|Any CPU
		{00A4BD54-5ECA-4651-91AC-2EC28AF1C436}.Release|Any CPU.ActiveCfg = Release|Any CPU
		{00A4BD54-5ECA-4651-91AC-2EC28AF1C436}.Release|Any CPU.Build.0 = Release|Any CPU
		{5959661F-1621-48B3-963E-9D3759EACDA1}.Debug|Any CPU.ActiveCfg = Debug|Any CPU
		{5959661F-1621-48B3-963E-9D3759EACDA1}.Debug|Any CPU.Build.0 = Debug|Any CPU
		{5959661F-1621-48B3-963E-9D3759EACDA1}.Release|Any CPU.ActiveCfg = Release|Any CPU
		{5959661F-1621-48B3-963E-9D3759EACDA1}.Release|Any CPU.Build.0 = Release|Any CPU
		{92CFDCEA-190E-4757-B3D9-D3101140DAAA}.Debug|Any CPU.ActiveCfg = Debug|Any CPU
		{92CFDCEA-190E-4757-B3D9-D3101140DAAA}.Debug|Any CPU.Build.0 = Debug|Any CPU
		{92CFDCEA-190E-4757-B3D9-D3101140DAAA}.Release|Any CPU.ActiveCfg = Release|Any CPU
		{92CFDCEA-190E-4757-B3D9-D3101140DAAA}.Release|Any CPU.Build.0 = Release|Any CPU
		{DFF83782-64E7-4A31-8C54-9C4CDC0B631E}.Debug|Any CPU.ActiveCfg = Debug|Any CPU
		{DFF83782-64E7-4A31-8C54-9C4CDC0B631E}.Debug|Any CPU.Build.0 = Debug|Any CPU
		{DFF83782-64E7-4A31-8C54-9C4CDC0B631E}.Release|Any CPU.ActiveCfg = Release|Any CPU
		{DFF83782-64E7-4A31-8C54-9C4CDC0B631E}.Release|Any CPU.Build.0 = Release|Any CPU
		{F73FA168-0A46-457C-B89C-2575736F55CA}.Debug|Any CPU.ActiveCfg = Debug|Any CPU
		{F73FA168-0A46-457C-B89C-2575736F55CA}.Debug|Any CPU.Build.0 = Debug|Any CPU
		{F73FA168-0A46-457C-B89C-2575736F55CA}.Release|Any CPU.ActiveCfg = Release|Any CPU
		{F73FA168-0A46-457C-B89C-2575736F55CA}.Release|Any CPU.Build.0 = Release|Any CPU
		{402EEAE6-8E4A-4C8F-A1D4-B02D8751BE32}.Debug|Any CPU.ActiveCfg = Debug|Any CPU
		{402EEAE6-8E4A-4C8F-A1D4-B02D8751BE32}.Debug|Any CPU.Build.0 = Debug|Any CPU
		{402EEAE6-8E4A-4C8F-A1D4-B02D8751BE32}.Release|Any CPU.ActiveCfg = Release|Any CPU
		{402EEAE6-8E4A-4C8F-A1D4-B02D8751BE32}.Release|Any CPU.Build.0 = Release|Any CPU
		{F05ED468-3838-4EC1-8A3B-45E946024BF3}.Debug|Any CPU.ActiveCfg = Debug|Any CPU
		{F05ED468-3838-4EC1-8A3B-45E946024BF3}.Debug|Any CPU.Build.0 = Debug|Any CPU
		{F05ED468-3838-4EC1-8A3B-45E946024BF3}.Release|Any CPU.ActiveCfg = Release|Any CPU
		{F05ED468-3838-4EC1-8A3B-45E946024BF3}.Release|Any CPU.Build.0 = Release|Any CPU
	EndGlobalSection
	GlobalSection(SolutionProperties) = preSolution
		HideSolutionNode = FALSE
	EndGlobalSection
	GlobalSection(NestedProjects) = preSolution
		{F05ED468-3838-4EC1-8A3B-45E946024BF3} = {0191B211-CBE0-4B20-883A-64484FE83173}
	EndGlobalSection
	GlobalSection(ExtensibilityGlobals) = postSolution
		SolutionGuid = {8DB32508-9413-4829-A5DA-0F4A0A4AC915}
	EndGlobalSection
EndGlobal
